
Microsoft Visual Studio Solution File, Format Version 12.00
# Visual Studio Version 16
VisualStudioVersion = 16.0.28809.33
MinimumVisualStudioVersion = 10.0.40219.1
Project("{9A19103F-16F7-4668-BE54-9A1E7A4F7556}") = "Focusu.GUI", "Focusu.GUI\Focusu.GUI.csproj", "{E2648F48-16DF-4B2C-A602-E9503A09D19C}"
EndProject
Project("{2150E333-8FDC-42A3-9474-1A3956D46DE8}") = "submodules", "submodules", "{EF004CBC-C8BC-4DB6-A7AA-72D3063B75B1}"
EndProject
Project("{9A19103F-16F7-4668-BE54-9A1E7A4F7556}") = "OsuStatePresenter", "..\osu-state-presenter\OsuStatePresenter\OsuStatePresenter.csproj", "{7D1D9BA3-8300-4048-AA67-CA9FD91199FC}"
EndProject
Project("{9A19103F-16F7-4668-BE54-9A1E7A4F7556}") = "DVPF.Core", "..\dvpf\DVPF.Core\DVPF.Core.csproj", "{E9E5A94A-2912-4262-83DD-8DC8A72C435B}"
EndProject
Project("{9A19103F-16F7-4668-BE54-9A1E7A4F7556}") = "OsuMemoryDataProvider", "..\osu-state-presenter\submodules\Piotrekol\ProcessMemoryDataFinder\OsuMemoryDataProvider\OsuMemoryDataProvider.csproj", "{1BF3B169-E32D-46D4-9584-CB0F98E9F045}"
EndProject
Project("{9A19103F-16F7-4668-BE54-9A1E7A4F7556}") = "ProcessMemoryDataFinder", "..\osu-state-presenter\submodules\Piotrekol\ProcessMemoryDataFinder\ProcessMemoryDataFinder\ProcessMemoryDataFinder.csproj", "{63104BB5-E7BC-4024-833E-9491D9B8959A}"
EndProject
Global
	GlobalSection(SolutionConfigurationPlatforms) = preSolution
		Debug|Any CPU = Debug|Any CPU
		Debug|x86 = Debug|x86
		Release|Any CPU = Release|Any CPU
		Release|x86 = Release|x86
	EndGlobalSection
	GlobalSection(ProjectConfigurationPlatforms) = postSolution
		{E2648F48-16DF-4B2C-A602-E9503A09D19C}.Debug|Any CPU.ActiveCfg = Debug|Any CPU
		{E2648F48-16DF-4B2C-A602-E9503A09D19C}.Debug|Any CPU.Build.0 = Debug|Any CPU
		{E2648F48-16DF-4B2C-A602-E9503A09D19C}.Debug|x86.ActiveCfg = Debug|Any CPU
		{E2648F48-16DF-4B2C-A602-E9503A09D19C}.Debug|x86.Build.0 = Debug|Any CPU
		{E2648F48-16DF-4B2C-A602-E9503A09D19C}.Release|Any CPU.ActiveCfg = Release|Any CPU
		{E2648F48-16DF-4B2C-A602-E9503A09D19C}.Release|Any CPU.Build.0 = Release|Any CPU
		{E2648F48-16DF-4B2C-A602-E9503A09D19C}.Release|x86.ActiveCfg = Release|Any CPU
		{E2648F48-16DF-4B2C-A602-E9503A09D19C}.Release|x86.Build.0 = Release|Any CPU
		{7D1D9BA3-8300-4048-AA67-CA9FD91199FC}.Debug|Any CPU.ActiveCfg = Debug|Any CPU
		{7D1D9BA3-8300-4048-AA67-CA9FD91199FC}.Debug|Any CPU.Build.0 = Debug|Any CPU
		{7D1D9BA3-8300-4048-AA67-CA9FD91199FC}.Debug|x86.ActiveCfg = Debug|x86
		{7D1D9BA3-8300-4048-AA67-CA9FD91199FC}.Debug|x86.Build.0 = Debug|x86
		{7D1D9BA3-8300-4048-AA67-CA9FD91199FC}.Release|Any CPU.ActiveCfg = Release|Any CPU
		{7D1D9BA3-8300-4048-AA67-CA9FD91199FC}.Release|Any CPU.Build.0 = Release|Any CPU
		{7D1D9BA3-8300-4048-AA67-CA9FD91199FC}.Release|x86.ActiveCfg = Release|x86
		{7D1D9BA3-8300-4048-AA67-CA9FD91199FC}.Release|x86.Build.0 = Release|x86
		{E9E5A94A-2912-4262-83DD-8DC8A72C435B}.Debug|Any CPU.ActiveCfg = Debug|Any CPU
		{E9E5A94A-2912-4262-83DD-8DC8A72C435B}.Debug|Any CPU.Build.0 = Debug|Any CPU
		{E9E5A94A-2912-4262-83DD-8DC8A72C435B}.Debug|x86.ActiveCfg = Debug|x86
		{E9E5A94A-2912-4262-83DD-8DC8A72C435B}.Debug|x86.Build.0 = Debug|x86
		{E9E5A94A-2912-4262-83DD-8DC8A72C435B}.Release|Any CPU.ActiveCfg = Release|Any CPU
		{E9E5A94A-2912-4262-83DD-8DC8A72C435B}.Release|Any CPU.Build.0 = Release|Any CPU
		{E9E5A94A-2912-4262-83DD-8DC8A72C435B}.Release|x86.ActiveCfg = Release|x86
		{E9E5A94A-2912-4262-83DD-8DC8A72C435B}.Release|x86.Build.0 = Release|x86
		{1BF3B169-E32D-46D4-9584-CB0F98E9F045}.Debug|Any CPU.ActiveCfg = Debug|Any CPU
		{1BF3B169-E32D-46D4-9584-CB0F98E9F045}.Debug|Any CPU.Build.0 = Debug|Any CPU
		{1BF3B169-E32D-46D4-9584-CB0F98E9F045}.Debug|x86.ActiveCfg = Debug|x86
		{1BF3B169-E32D-46D4-9584-CB0F98E9F045}.Debug|x86.Build.0 = Debug|x86
		{1BF3B169-E32D-46D4-9584-CB0F98E9F045}.Release|Any CPU.ActiveCfg = Release|Any CPU
		{1BF3B169-E32D-46D4-9584-CB0F98E9F045}.Release|Any CPU.Build.0 = Release|Any CPU
		{1BF3B169-E32D-46D4-9584-CB0F98E9F045}.Release|x86.ActiveCfg = Release|x86
		{1BF3B169-E32D-46D4-9584-CB0F98E9F045}.Release|x86.Build.0 = Release|x86
		{63104BB5-E7BC-4024-833E-9491D9B8959A}.Debug|Any CPU.ActiveCfg = Debug|Any CPU
		{63104BB5-E7BC-4024-833E-9491D9B8959A}.Debug|Any CPU.Build.0 = Debug|Any CPU
		{63104BB5-E7BC-4024-833E-9491D9B8959A}.Debug|x86.ActiveCfg = Debug|x86
		{63104BB5-E7BC-4024-833E-9491D9B8959A}.Debug|x86.Build.0 = Debug|x86
		{63104BB5-E7BC-4024-833E-9491D9B8959A}.Release|Any CPU.ActiveCfg = Release|Any CPU
		{63104BB5-E7BC-4024-833E-9491D9B8959A}.Release|Any CPU.Build.0 = Release|Any CPU
		{63104BB5-E7BC-4024-833E-9491D9B8959A}.Release|x86.ActiveCfg = Release|x86
		{63104BB5-E7BC-4024-833E-9491D9B8959A}.Release|x86.Build.0 = Release|x86
	EndGlobalSection
	GlobalSection(SolutionProperties) = preSolution
		HideSolutionNode = FALSE
	EndGlobalSection
	GlobalSection(NestedProjects) = preSolution
		{7D1D9BA3-8300-4048-AA67-CA9FD91199FC} = {EF004CBC-C8BC-4DB6-A7AA-72D3063B75B1}
		{E9E5A94A-2912-4262-83DD-8DC8A72C435B} = {EF004CBC-C8BC-4DB6-A7AA-72D3063B75B1}
		{1BF3B169-E32D-46D4-9584-CB0F98E9F045} = {EF004CBC-C8BC-4DB6-A7AA-72D3063B75B1}
		{63104BB5-E7BC-4024-833E-9491D9B8959A} = {EF004CBC-C8BC-4DB6-A7AA-72D3063B75B1}
	EndGlobalSection
	GlobalSection(ExtensibilityGlobals) = postSolution
		SolutionGuid = {311E11BE-8884-422A-997F-3BE3E8F6C388}
	EndGlobalSection
EndGlobal
