
Microsoft Visual Studio Solution File, Format Version 12.00
# Visual Studio Version 16
VisualStudioVersion = 16.0.28809.33
MinimumVisualStudioVersion = 10.0.40219.1
Project("{9A19103F-16F7-4668-BE54-9A1E7A4F7556}") = "Focusu.GUI", "Focusu.GUI\Focusu.GUI.csproj", "{E2648F48-16DF-4B2C-A602-E9503A09D19C}"
EndProject
Project("{2150E333-8FDC-42A3-9474-1A3956D46DE8}") = "submodules", "submodules", "{EF004CBC-C8BC-4DB6-A7AA-72D3063B75B1}"
EndProject
Project("{9A19103F-16F7-4668-BE54-9A1E7A4F7556}") = "DVPF.Core", "..\DependentValuePresentationFramework\DVPF.Core\DVPF.Core.csproj", "{EDE10745-1D26-4250-B887-7A6665687150}"
EndProject
Project("{FAE04EC0-301F-11D3-BF4B-00C04F79EFBC}") = "Oppai.w.Net", "..\submodules\Oppai.w.Net\Oppai.w.Net\Oppai.w.Net.csproj", "{D02CC1ED-E1E8-4553-8942-0A1A855BEDB8}"
EndProject
Project("{9A19103F-16F7-4668-BE54-9A1E7A4F7556}") = "OsuStatePresenter", "..\OsuStatePresenter\OsuStatePresenter\OsuStatePresenter.csproj", "{9CC0E5A7-B68B-436F-81A0-84797A82A4C0}"
EndProject
Project("{9A19103F-16F7-4668-BE54-9A1E7A4F7556}") = "ProcessMemoryDataFinder", "..\OsuStatePresenter\submodules\ProcessMemoryDataFinder\ProcessMemoryDataFinder\ProcessMemoryDataFinder.csproj", "{36F7F957-D435-475A-BDC5-C7430B0E3098}"
EndProject
Project("{9A19103F-16F7-4668-BE54-9A1E7A4F7556}") = "OsuMemoryDataProvider", "..\OsuStatePresenter\submodules\ProcessMemoryDataFinder\OsuMemoryDataProvider\OsuMemoryDataProvider.csproj", "{76757758-E2DE-433E-B3A9-8E39E26D247C}"
EndProject
Global
	GlobalSection(SolutionConfigurationPlatforms) = preSolution
		Debug|Any CPU = Debug|Any CPU
		Debug|x64 = Debug|x64
		Debug|x86 = Debug|x86
		Release|Any CPU = Release|Any CPU
		Release|x64 = Release|x64
		Release|x86 = Release|x86
	EndGlobalSection
	GlobalSection(ProjectConfigurationPlatforms) = postSolution
		{E2648F48-16DF-4B2C-A602-E9503A09D19C}.Debug|Any CPU.ActiveCfg = Debug|Any CPU
		{E2648F48-16DF-4B2C-A602-E9503A09D19C}.Debug|Any CPU.Build.0 = Debug|Any CPU
		{E2648F48-16DF-4B2C-A602-E9503A09D19C}.Debug|x64.ActiveCfg = Debug|Any CPU
		{E2648F48-16DF-4B2C-A602-E9503A09D19C}.Debug|x64.Build.0 = Debug|Any CPU
		{E2648F48-16DF-4B2C-A602-E9503A09D19C}.Debug|x86.ActiveCfg = Debug|Any CPU
		{E2648F48-16DF-4B2C-A602-E9503A09D19C}.Debug|x86.Build.0 = Debug|Any CPU
		{E2648F48-16DF-4B2C-A602-E9503A09D19C}.Release|Any CPU.ActiveCfg = Release|Any CPU
		{E2648F48-16DF-4B2C-A602-E9503A09D19C}.Release|Any CPU.Build.0 = Release|Any CPU
		{E2648F48-16DF-4B2C-A602-E9503A09D19C}.Release|x64.ActiveCfg = Release|Any CPU
		{E2648F48-16DF-4B2C-A602-E9503A09D19C}.Release|x64.Build.0 = Release|Any CPU
		{E2648F48-16DF-4B2C-A602-E9503A09D19C}.Release|x86.ActiveCfg = Release|Any CPU
		{E2648F48-16DF-4B2C-A602-E9503A09D19C}.Release|x86.Build.0 = Release|Any CPU
		{EDE10745-1D26-4250-B887-7A6665687150}.Debug|Any CPU.ActiveCfg = Debug|Any CPU
		{EDE10745-1D26-4250-B887-7A6665687150}.Debug|Any CPU.Build.0 = Debug|Any CPU
		{EDE10745-1D26-4250-B887-7A6665687150}.Debug|x64.ActiveCfg = Debug|Any CPU
		{EDE10745-1D26-4250-B887-7A6665687150}.Debug|x64.Build.0 = Debug|Any CPU
		{EDE10745-1D26-4250-B887-7A6665687150}.Debug|x86.ActiveCfg = Debug|x86
		{EDE10745-1D26-4250-B887-7A6665687150}.Debug|x86.Build.0 = Debug|x86
		{EDE10745-1D26-4250-B887-7A6665687150}.Release|Any CPU.ActiveCfg = Release|Any CPU
		{EDE10745-1D26-4250-B887-7A6665687150}.Release|Any CPU.Build.0 = Release|Any CPU
		{EDE10745-1D26-4250-B887-7A6665687150}.Release|x64.ActiveCfg = Release|Any CPU
		{EDE10745-1D26-4250-B887-7A6665687150}.Release|x64.Build.0 = Release|Any CPU
		{EDE10745-1D26-4250-B887-7A6665687150}.Release|x86.ActiveCfg = Release|Any CPU
		{EDE10745-1D26-4250-B887-7A6665687150}.Release|x86.Build.0 = Release|Any CPU
		{D02CC1ED-E1E8-4553-8942-0A1A855BEDB8}.Debug|Any CPU.ActiveCfg = Debug|Any CPU
		{D02CC1ED-E1E8-4553-8942-0A1A855BEDB8}.Debug|Any CPU.Build.0 = Debug|Any CPU
		{D02CC1ED-E1E8-4553-8942-0A1A855BEDB8}.Debug|x64.ActiveCfg = Debug|Any CPU
		{D02CC1ED-E1E8-4553-8942-0A1A855BEDB8}.Debug|x64.Build.0 = Debug|Any CPU
		{D02CC1ED-E1E8-4553-8942-0A1A855BEDB8}.Debug|x86.ActiveCfg = Debug|Any CPU
		{D02CC1ED-E1E8-4553-8942-0A1A855BEDB8}.Debug|x86.Build.0 = Debug|Any CPU
		{D02CC1ED-E1E8-4553-8942-0A1A855BEDB8}.Release|Any CPU.ActiveCfg = Release|Any CPU
		{D02CC1ED-E1E8-4553-8942-0A1A855BEDB8}.Release|Any CPU.Build.0 = Release|Any CPU
		{D02CC1ED-E1E8-4553-8942-0A1A855BEDB8}.Release|x64.ActiveCfg = Release|Any CPU
		{D02CC1ED-E1E8-4553-8942-0A1A855BEDB8}.Release|x64.Build.0 = Release|Any CPU
		{D02CC1ED-E1E8-4553-8942-0A1A855BEDB8}.Release|x86.ActiveCfg = Release|Any CPU
		{D02CC1ED-E1E8-4553-8942-0A1A855BEDB8}.Release|x86.Build.0 = Release|Any CPU
		{9CC0E5A7-B68B-436F-81A0-84797A82A4C0}.Debug|Any CPU.ActiveCfg = Debug|Any CPU
		{9CC0E5A7-B68B-436F-81A0-84797A82A4C0}.Debug|Any CPU.Build.0 = Debug|Any CPU
		{9CC0E5A7-B68B-436F-81A0-84797A82A4C0}.Debug|x64.ActiveCfg = Debug|Any CPU
		{9CC0E5A7-B68B-436F-81A0-84797A82A4C0}.Debug|x64.Build.0 = Debug|Any CPU
		{9CC0E5A7-B68B-436F-81A0-84797A82A4C0}.Debug|x86.ActiveCfg = Debug|x86
		{9CC0E5A7-B68B-436F-81A0-84797A82A4C0}.Debug|x86.Build.0 = Debug|x86
		{9CC0E5A7-B68B-436F-81A0-84797A82A4C0}.Release|Any CPU.ActiveCfg = Release|Any CPU
		{9CC0E5A7-B68B-436F-81A0-84797A82A4C0}.Release|Any CPU.Build.0 = Release|Any CPU
		{9CC0E5A7-B68B-436F-81A0-84797A82A4C0}.Release|x64.ActiveCfg = Release|Any CPU
		{9CC0E5A7-B68B-436F-81A0-84797A82A4C0}.Release|x64.Build.0 = Release|Any CPU
		{9CC0E5A7-B68B-436F-81A0-84797A82A4C0}.Release|x86.ActiveCfg = Release|x86
		{9CC0E5A7-B68B-436F-81A0-84797A82A4C0}.Release|x86.Build.0 = Release|x86
		{36F7F957-D435-475A-BDC5-C7430B0E3098}.Debug|Any CPU.ActiveCfg = Debug|x86
		{36F7F957-D435-475A-BDC5-C7430B0E3098}.Debug|x64.ActiveCfg = Debug|x64
		{36F7F957-D435-475A-BDC5-C7430B0E3098}.Debug|x64.Build.0 = Debug|x64
		{36F7F957-D435-475A-BDC5-C7430B0E3098}.Debug|x86.ActiveCfg = Debug|x86
		{36F7F957-D435-475A-BDC5-C7430B0E3098}.Debug|x86.Build.0 = Debug|x86
		{36F7F957-D435-475A-BDC5-C7430B0E3098}.Release|Any CPU.ActiveCfg = Release|x86
		{36F7F957-D435-475A-BDC5-C7430B0E3098}.Release|x64.ActiveCfg = Release|x64
		{36F7F957-D435-475A-BDC5-C7430B0E3098}.Release|x64.Build.0 = Release|x64
		{36F7F957-D435-475A-BDC5-C7430B0E3098}.Release|x86.ActiveCfg = Release|x86
		{36F7F957-D435-475A-BDC5-C7430B0E3098}.Release|x86.Build.0 = Release|x86
		{76757758-E2DE-433E-B3A9-8E39E26D247C}.Debug|Any CPU.ActiveCfg = Debug|x86
		{76757758-E2DE-433E-B3A9-8E39E26D247C}.Debug|x64.ActiveCfg = Debug|x64
		{76757758-E2DE-433E-B3A9-8E39E26D247C}.Debug|x64.Build.0 = Debug|x64
		{76757758-E2DE-433E-B3A9-8E39E26D247C}.Debug|x86.ActiveCfg = Debug|x86
		{76757758-E2DE-433E-B3A9-8E39E26D247C}.Debug|x86.Build.0 = Debug|x86
		{76757758-E2DE-433E-B3A9-8E39E26D247C}.Release|Any CPU.ActiveCfg = Release|x86
		{76757758-E2DE-433E-B3A9-8E39E26D247C}.Release|x64.ActiveCfg = Release|x64
		{76757758-E2DE-433E-B3A9-8E39E26D247C}.Release|x64.Build.0 = Release|x64
		{76757758-E2DE-433E-B3A9-8E39E26D247C}.Release|x86.ActiveCfg = Release|x86
		{76757758-E2DE-433E-B3A9-8E39E26D247C}.Release|x86.Build.0 = Release|x86
	EndGlobalSection
	GlobalSection(SolutionProperties) = preSolution
		HideSolutionNode = FALSE
	EndGlobalSection
	GlobalSection(NestedProjects) = preSolution
		{EDE10745-1D26-4250-B887-7A6665687150} = {EF004CBC-C8BC-4DB6-A7AA-72D3063B75B1}
		{D02CC1ED-E1E8-4553-8942-0A1A855BEDB8} = {EF004CBC-C8BC-4DB6-A7AA-72D3063B75B1}
		{9CC0E5A7-B68B-436F-81A0-84797A82A4C0} = {EF004CBC-C8BC-4DB6-A7AA-72D3063B75B1}
		{36F7F957-D435-475A-BDC5-C7430B0E3098} = {EF004CBC-C8BC-4DB6-A7AA-72D3063B75B1}
		{76757758-E2DE-433E-B3A9-8E39E26D247C} = {EF004CBC-C8BC-4DB6-A7AA-72D3063B75B1}
	EndGlobalSection
	GlobalSection(ExtensibilityGlobals) = postSolution
		SolutionGuid = {311E11BE-8884-422A-997F-3BE3E8F6C388}
	EndGlobalSection
EndGlobal
